
Microsoft Visual Studio Solution File, Format Version 12.00
# Visual Studio Version 17
VisualStudioVersion = 17.14.36327.8 d17.14
MinimumVisualStudioVersion = 10.0.40219.1
Project("{FAE04EC0-301F-11D3-BF4B-00C04F79EFBC}") = "PararealImageViewer", "PararealImageViewer\PararealImageViewer.csproj", "{49645CEC-5CD1-4558-B9C6-F16C3AB69508}"
EndProject
Global
	GlobalSection(SolutionConfigurationPlatforms) = preSolution
		Debug|Any CPU = Debug|Any CPU
		Debug|x64 = Debug|x64
		Release|Any CPU = Release|Any CPU
		Release|x64 = Release|x64
	EndGlobalSection
	GlobalSection(ProjectConfigurationPlatforms) = postSolution
		{49645CEC-5CD1-4558-B9C6-F16C3AB69508}.Debug|Any CPU.ActiveCfg = Debug|Any CPU
		{49645CEC-5CD1-4558-B9C6-F16C3AB69508}.Debug|Any CPU.Build.0 = Debug|Any CPU
		{49645CEC-5CD1-4558-B9C6-F16C3AB69508}.Debug|x64.ActiveCfg = Debug|x64
		{49645CEC-5CD1-4558-B9C6-F16C3AB69508}.Debug|x64.Build.0 = Debug|x64
		{49645CEC-5CD1-4558-B9C6-F16C3AB69508}.Release|Any CPU.ActiveCfg = Release|Any CPU
		{49645CEC-5CD1-4558-B9C6-F16C3AB69508}.Release|Any CPU.Build.0 = Release|Any CPU
		{49645CEC-5CD1-4558-B9C6-F16C3AB69508}.Release|x64.ActiveCfg = Release|x64
		{49645CEC-5CD1-4558-B9C6-F16C3AB69508}.Release|x64.Build.0 = Release|x64
	EndGlobalSection
	GlobalSection(SolutionProperties) = preSolution
		HideSolutionNode = FALSE
	EndGlobalSection
	GlobalSection(ExtensibilityGlobals) = postSolution
		SolutionGuid = {877D09DC-607A-4B5F-8604-AD0E22EBE701}
	EndGlobalSection
EndGlobal
